
Microsoft Visual Studio Solution File, Format Version 12.00
# Visual Studio Version 18
VisualStudioVersion = 18.6.11716.218 insiders
MinimumVisualStudioVersion = 10.0.40219.1
Project("{FAE04EC0-301F-11D3-BF4B-00C04F79EFBC}") = "Task14", "Task14.csproj", "{9AA5DA21-7EF5-341B-A46F-4BE17F53D98A}"
EndProject
Global
	GlobalSection(SolutionConfigurationPlatforms) = preSolution
		Debug|Any CPU = Debug|Any CPU
		Release|Any CPU = Release|Any CPU
	EndGlobalSection
	GlobalSection(ProjectConfigurationPlatforms) = postSolution
		{9AA5DA21-7EF5-341B-A46F-4BE17F53D98A}.Debug|Any CPU.ActiveCfg = Debug|Any CPU
		{9AA5DA21-7EF5-341B-A46F-4BE17F53D98A}.Debug|Any CPU.Build.0 = Debug|Any CPU
		{9AA5DA21-7EF5-341B-A46F-4BE17F53D98A}.Release|Any CPU.ActiveCfg = Release|Any CPU
		{9AA5DA21-7EF5-341B-A46F-4BE17F53D98A}.Release|Any CPU.Build.0 = Release|Any CPU
	EndGlobalSection
	GlobalSection(SolutionProperties) = preSolution
		HideSolutionNode = FALSE
	EndGlobalSection
	GlobalSection(ExtensibilityGlobals) = postSolution
		SolutionGuid = {2FE718AF-7D5C-4ABF-90BB-3404E0BFF052}
	EndGlobalSection
EndGlobal
